
Microsoft Visual Studio Solution File, Format Version 12.00
# Visual Studio Version 16
VisualStudioVersion = 16.0.30517.126
MinimumVisualStudioVersion = 10.0.40219.1
Project("{9A19103F-16F7-4668-BE54-9A1E7A4F7556}") = "Turister.Server", "Turister\Server\Turister.Server.csproj", "{98AED96F-1D43-4826-BE49-4E4F3A37CEC6}"
EndProject
Project("{9A19103F-16F7-4668-BE54-9A1E7A4F7556}") = "Turister.Client", "Turister\Client\Turister.Client.csproj", "{BD08C1E9-FDC1-4CFB-A4EB-09EABD4A302E}"
EndProject
Project("{9A19103F-16F7-4668-BE54-9A1E7A4F7556}") = "Turister.Shared", "Turister\Shared\Turister.Shared.csproj", "{C66BBE65-7DC4-47B6-8E2F-88AAC7AA7F42}"
EndProject
Global
	GlobalSection(SolutionConfigurationPlatforms) = preSolution
		Debug|Any CPU = Debug|Any CPU
		Release|Any CPU = Release|Any CPU
	EndGlobalSection
	GlobalSection(ProjectConfigurationPlatforms) = postSolution
		{98AED96F-1D43-4826-BE49-4E4F3A37CEC6}.Debug|Any CPU.ActiveCfg = Debug|Any CPU
		{98AED96F-1D43-4826-BE49-4E4F3A37CEC6}.Debug|Any CPU.Build.0 = Debug|Any CPU
		{98AED96F-1D43-4826-BE49-4E4F3A37CEC6}.Release|Any CPU.ActiveCfg = Release|Any CPU
		{98AED96F-1D43-4826-BE49-4E4F3A37CEC6}.Release|Any CPU.Build.0 = Release|Any CPU
		{BD08C1E9-FDC1-4CFB-A4EB-09EABD4A302E}.Debug|Any CPU.ActiveCfg = Debug|Any CPU
		{BD08C1E9-FDC1-4CFB-A4EB-09EABD4A302E}.Debug|Any CPU.Build.0 = Debug|Any CPU
		{BD08C1E9-FDC1-4CFB-A4EB-09EABD4A302E}.Release|Any CPU.ActiveCfg = Release|Any CPU
		{BD08C1E9-FDC1-4CFB-A4EB-09EABD4A302E}.Release|Any CPU.Build.0 = Release|Any CPU
		{C66BBE65-7DC4-47B6-8E2F-88AAC7AA7F42}.Debug|Any CPU.ActiveCfg = Debug|Any CPU
		{C66BBE65-7DC4-47B6-8E2F-88AAC7AA7F42}.Debug|Any CPU.Build.0 = Debug|Any CPU
		{C66BBE65-7DC4-47B6-8E2F-88AAC7AA7F42}.Release|Any CPU.ActiveCfg = Release|Any CPU
		{C66BBE65-7DC4-47B6-8E2F-88AAC7AA7F42}.Release|Any CPU.Build.0 = Release|Any CPU
	EndGlobalSection
	GlobalSection(SolutionProperties) = preSolution
		HideSolutionNode = FALSE
	EndGlobalSection
	GlobalSection(ExtensibilityGlobals) = postSolution
		SolutionGuid = {21E15CA7-8EA1-421D-9A7B-D395D9BD9A83}
	EndGlobalSection
EndGlobal
